
Microsoft Visual Studio Solution File, Format Version 12.00
# Visual Studio 15
VisualStudioVersion = 15.0.28307.1500
MinimumVisualStudioVersion = 10.0.40219.1
Project("{FAE04EC0-301F-11D3-BF4B-00C04F79EFBC}") = "EXERCICIOS_PROPOSTOS_MATRIZES_5", "EXERCICIOS_PROPOSTOS_MATRIZES_5\EXERCICIOS_PROPOSTOS_MATRIZES_5.csproj", "{FF8D7F1B-BC0D-4561-A857-7D6CECE68871}"
EndProject
Global
	GlobalSection(SolutionConfigurationPlatforms) = preSolution
		Debug|Any CPU = Debug|Any CPU
		Release|Any CPU = Release|Any CPU
	EndGlobalSection
	GlobalSection(ProjectConfigurationPlatforms) = postSolution
		{FF8D7F1B-BC0D-4561-A857-7D6CECE68871}.Debug|Any CPU.ActiveCfg = Debug|Any CPU
		{FF8D7F1B-BC0D-4561-A857-7D6CECE68871}.Debug|Any CPU.Build.0 = Debug|Any CPU
		{FF8D7F1B-BC0D-4561-A857-7D6CECE68871}.Release|Any CPU.ActiveCfg = Release|Any CPU
		{FF8D7F1B-BC0D-4561-A857-7D6CECE68871}.Release|Any CPU.Build.0 = Release|Any CPU
	EndGlobalSection
	GlobalSection(SolutionProperties) = preSolution
		HideSolutionNode = FALSE
	EndGlobalSection
	GlobalSection(ExtensibilityGlobals) = postSolution
		SolutionGuid = {BCAE8077-2FDD-4922-BB30-1322D79C5813}
	EndGlobalSection
EndGlobal
